github.com/SENERGY-Platform/analytics-fog-lib v1.0.2 h1:0p2x5bwrOwjPwFeT3gg9Kdz1CE3abWm1nPRoezwWKbU=
github.com/SENERGY-Platform/analytics-fog-lib v1.0.2/go.mod h1:WVm6fWbrcAKJ2V+rUXlKQNnVp8bd+11AYJxSlxA6F+Q=
github.com/SENERGY-Platform/analytics-fog-lib v1.0.4 h1:hLkRXNtNAklnB9irYT50ACrsQsMTGNvAOVzm3yFu9Jc=
github.com/SENERGY-Platform/analytics-fog-lib v1.0.4/go.mod h1:WVm6fWbrcAKJ2V+rUXlKQNnVp8bd+11AYJxSlxA6F+Q=
github.com/SENERGY-Platform/analytics-fog-lib v1.0.5 h1:Q3YB0WW6aQ4iqjWoiqtqtvNBBzrY2/CsYxya2vDgLO4=
github.com/SENERGY-Platform/analytics-fog-lib v1.0.5/go.mod h1:WVm6fWbrcAKJ2V+rUXlKQNnVp8bd+11AYJxSlxA6F+Q=
github.com/SENERGY-Platform/analytics-fog-lib v1.0.6 h1:jyS2XXgn9HDuOlYmM3EmjoeI+xD0UPEFTS6H2L4NjLI=
github.com/SENERGY-Platform/analytics-fog-lib v1.0.6/go.mod h1:WVm6fWbrcAKJ2V+rUXlKQNnVp8bd+11AYJxSlxA6F+Q=
github.com/SENERGY-Platform/analytics-fog-lib v1.0.7 h1:N14YSScCTmeWoqF5BDUCYGNGEEDOl978jTFlMEM7/yE=
github.com/SENERGY-Platform/analytics-fog-lib v1.0.7/go.mod h1:WVm6fWbrcAKJ2V+rUXlKQNnVp8bd+11AYJxSlxA6F+Q=
github.com/SENERGY-Platform/analytics-fog-lib v1.0.8 h1:HUWCQKXzmUSr5mwhyw/9CmCxzSs9tyZVw+DD3i9qhc0=
github.com/SENERGY-Platform/analytics-fog-lib v1.0.8/go.mod h1:WVm6fWbrcAKJ2V+rUXlKQNnVp8bd+11AYJxSlxA6F+Q=
github.com/SENERGY-Platform/analytics-fog-lib v1.0.9 h1:DdsZVCBxd41UrSNpCpxfBl+Ucjn3b6tPCmrnRTBlAgQ=
github.com/SENERGY-Platform/analytics-fog-lib v1.0.9/go.mod h1:WVm6fWbrcAKJ2V+rUXlKQNnVp8bd+11AYJxSlxA6F+Q=
github.com/SENERGY-Platform/analytics-fog-lib v1.0.10 h1:7/s6xuvZ73+yXAltOo79GBhFcKWSAt0QbEnsr2ozsVw=
github.com/SENERGY-Platform/analytics-fog-lib v1.0.10/go.mod h1:WVm6fWbrcAKJ2V+rUXlKQNnVp8bd+11AYJxSlxA6F+Q=
github.com/SENERGY-Platform/analytics-fog-lib v1.0.11 h1:cljElm7isJKh5FjeFO3Tf+1x/ASGW/Hhn68eDPwvTjI=
github.com/SENERGY-Platform/analytics-fog-lib v1.0.11/go.mod h1:WVm6fWbrcAKJ2V+rUXlKQNnVp8bd+11AYJxSlxA6F+Q=
github.com/SENERGY-Platform/analytics-fog-lib v1.0.12 h1:ONwplJBxC5stVtregAseYy/P5V2oL33fLEkIc4+Jips=
github.com/SENERGY-Platform/analytics-fog-lib v1.0.12/go.mod h1:WVm6fWbrcAKJ2V+rUXlKQNnVp8bd+11AYJxSlxA6F+Q=
github.com/SENERGY-Platform/analytics-fog-lib v1.0.13 h1:ZpI+OaD+w6BnISjZ0j2PYHh5M9hQ+PI5f1cCY1ZyLso=
github.com/SENERGY-Platform/analytics-fog-lib v1.0.13/go.mod h1:WVm6fWbrcAKJ2V+rUXlKQNnVp8bd+11AYJxSlxA6F+Q=
github.com/SENERGY-Platform/analytics-fog-lib v1.0.14 h1:B4qYGhPWkkpszf0Qro7vTOba3uk3uUEmoismk2HhHxk=
github.com/SENERGY-Platform/analytics-fog-lib v1.0.14/go.mod h1:WVm6fWbrcAKJ2V+rUXlKQNnVp8bd+11AYJxSlxA6F+Q=
github.com/SENERGY-Platform/analytics-fog-lib v1.0.15 h1:gKLosrwhse+hTXXrCCYdViAp59elmX6mVL8CmV6q15c=
github.com/SENERGY-Platform/analytics-fog-lib v1.0.15/go.mod h1:WVm6fWbrcAKJ2V+rUXlKQNnVp8bd+11AYJxSlxA6F+Q=
github.com/SENERGY-Platform/analytics-fog-lib v1.1.4 h1:t2P3asYRuGko6qWRGraA1WboafZcpMhVOgtqFCyOuFo=
github.com/SENERGY-Platform/analytics-fog-lib v1.1.4/go.mod h1:IbFAOaWXaEkLvNyI9QSq9Mw3PtLCONkrY9WHSpqbDQg=
github.com/SENERGY-Platform/analytics-fog-lib v1.1.18 h1:K9muBGP9MHl+iVua7IYhGpcSe9u3cjE7PbpBkorFwGk=
github.com/SENERGY-Platform/analytics-fog-lib v1.1.18/go.mod h1:IbFAOaWXaEkLvNyI9QSq9Mw3PtLCONkrY9WHSpqbDQg=
github.com/SENERGY-Platform/analytics-fog-lib v1.1.19 h1:gOvAq0WX197AL9+m1Iofeo6D6FdO/HBs/ar8FaAcGFs=
github.com/SENERGY-Platform/analytics-fog-lib v1.1.19/go.mod h1:IbFAOaWXaEkLvNyI9QSq9Mw3PtLCONkrY9WHSpqbDQg=
github.com/SENERGY-Platform/analytics-fog-lib v1.1.20 h1:bDOvuPKH7Ht+LhKOUg4jA1LNJTYSA42ULP/8XumbJdA=
github.com/SENERGY-Platform/analytics-fog-lib v1.1.20/go.mod h1:IbFAOaWXaEkLvNyI9QSq9Mw3PtLCONkrY9WHSpqbDQg=
github.com/SENERGY-Platform/analytics-fog-lib v1.1.21 h1:9CCT2/Pmoh1+uJfIpePuZ0zjqo7CgrGeA/QthQx9+9o=
github.com/SENERGY-Platform/analytics-fog-lib v1.1.21/go.mod h1:IbFAOaWXaEkLvNyI9QSq9Mw3PtLCONkrY9WHSpqbDQg=
github.com/SENERGY-Platform/analytics-fog-lib v1.1.23 h1:0JqFr529CagQm5Xzfc67U+QVNH7GkXObIm/Q93Y9jjQ=
github.com/SENERGY-Platform/analytics-fog-lib v1.1.23/go.mod h1:IbFAOaWXaEkLvNyI9QSq9Mw3PtLCONkrY9WHSpqbDQg=
github.com/SENERGY-Platform/go-service-base v0.13.0 h1:1ytMAd84TO6+gvffjITShTOPStJiP7rSly9lG09fzxU=
github.com/SENERGY-Platform/go-service-base v0.13.0/go.mod h1:NyMDXzkC/5oRzaMZ1wbFlXTnLoyo3CXM8q1eSloMuBo=
github.com/SENERGY-Platform/go-service-base/util v0.14.0 h1:oMzPR6zrbHPPgcMi39rDnM3qXh4shP03JRfSyDnnMlw=
github.com/SENERGY-Platform/go-service-base/util v0.14.0/go.mod h1:uYeWyyknGyxfAx4zvnhppDVjeTfVWOAIMps5mJeaDwU=
github.com/SENERGY-Platform/go-service-base/watchdog v0.4.1 h1:DiTETrKnnN8gHfxr0m6A+f8Nd54DD6yZmKL5Oi0qF6E=
github.com/SENERGY-Platform/go-service-base/watchdog v0.4.1/go.mod h1:B28QtfgfMvOGIcQRklRQkPmXArdHyocy8soE7UoSIKU=
github.com/eclipse/paho.mqtt.golang v1.4.3 h1:2kwcUGn8seMUfWndX0hGbvH8r7crgcJguQNCyp70xik=
github.com/eclipse/paho.mqtt.golang v1.4.3/go.mod h1:CSYvoAlsMkhYOXh/oKyxa8EcBci6dVkLCbo5tTC1RIE=
github.com/gorilla/websocket v1.5.0 h1:PPwGk2jz7EePpoHN/+ClbZu8SPxiqlu12wZP/3sWmnc=
github.com/gorilla/websocket v1.5.0/go.mod h1:YR8l580nyteQvAITg2hZ9XVh4b55+EU/adAjf1fMHhE=
github.com/jcelliott/lumber v0.0.0-20160324203708-dd349441af25 h1:EFT6MH3igZK/dIVqgGbTqWVvkZ7wJ5iGN03SVtvvdd8=
github.com/jcelliott/lumber v0.0.0-20160324203708-dd349441af25/go.mod h1:sWkGw/wsaHtRsT9zGQ/WyJCotGWG/Anow/9hsAcBWRw=
github.com/joho/godotenv v1.5.1 h1:7eLL/+HRGLY0ldzfGMeQkb7vMd0as4CfYvUVzLqw0N0=
github.com/joho/godotenv v1.5.1/go.mod h1:f4LDr5Voq0i2e/R5DDNOoa2zzDfwtkZa6DnEwAbqwq4=
github.com/mattn/go-sqlite3 v1.14.22 h1:2gZY6PC6kBnID23Tichd1K+Z0oS6nE/XwU+Vz/5o4kU=
github.com/mattn/go-sqlite3 v1.14.22/go.mod h1:Uh1q+B4BYcTPb+yiD3kU8Ct7aC0hY9fxUwlHK0RXw+Y=
github.com/nanobox-io/golang-scribble v0.0.0-20190309225732-aa3e7c118975 h1:zm/Rb2OsnLWCY88Njoqgo4X6yt/lx3oBNWhepX0AOMU=
github.com/nanobox-io/golang-scribble v0.0.0-20190309225732-aa3e7c118975/go.mod h1:4Mct/lWCFf1jzQTTAaWtOI7sXqmG+wBeiBfT4CxoaJk=
github.com/y-du/go-env-loader v0.5.1 h1:0BHxc4A+jkWrbyO7XbfvR9xb8/W/0OIeLGCsX+4cUzg=
github.com/y-du/go-env-loader v0.5.1/go.mod h1:Acny7eBd/EoKIkG9Tm2ATdP/vhQ47vIYGGIYqBcOILU=
github.com/y-du/go-log-level v0.2.3 h1:dke5ZICp8BVZRg6wKpGHum8l6f5ywXsA8YZkRhy6sGo=
github.com/y-du/go-log-level v0.2.3/go.mod h1:yed1DhHsG8h7QRHp5My+NS3p8jiN/hFQopOs7yIaEmc=
golang.org/x/net v0.15.0 h1:ugBLEUaxABaB5AJqW9enI0ACdci2RUd4eP51NTBvuJ8=
golang.org/x/net v0.15.0/go.mod h1:idbUs1IY1+zTqbi8yxTbhexhEEk5ur9LInksu6HrEpk=
golang.org/x/sync v0.3.0 h1:ftCYgMx6zT/asHUrPw8BLLscYtGznsLAnjq5RH9P66E=
golang.org/x/sync v0.3.0/go.mod h1:FU7BRWz2tNW+3quACPkgCx/L+uEAv1htQ0V83Z9Rj+Y=
