github.com/SENERGY-Platform/analytics-fog-lib v0.0.0-20231026082233-cc7c47d50a08 h1:aWiz9WKS54HWtZdc8SXdymJIU+GnFjhZDFZnDzpoNYk=
github.com/SENERGY-Platform/analytics-fog-lib v0.0.0-20231026082233-cc7c47d50a08/go.mod h1:WVm6fWbrcAKJ2V+rUXlKQNnVp8bd+11AYJxSlxA6F+Q=
github.com/SENERGY-Platform/analytics-fog-lib v1.0.0 h1:UPu2NRW92pMnnEutdElohEwcK8sKcCsQaW/hRcLAyrg=
github.com/SENERGY-Platform/analytics-fog-lib v1.0.0/go.mod h1:WVm6fWbrcAKJ2V+rUXlKQNnVp8bd+11AYJxSlxA6F+Q=
github.com/SENERGY-Platform/go-service-base v0.13.0 h1:1ytMAd84TO6+gvffjITShTOPStJiP7rSly9lG09fzxU=
github.com/SENERGY-Platform/go-service-base v0.13.0/go.mod h1:NyMDXzkC/5oRzaMZ1wbFlXTnLoyo3CXM8q1eSloMuBo=
github.com/eclipse/paho.mqtt.golang v1.4.3 h1:2kwcUGn8seMUfWndX0hGbvH8r7crgcJguQNCyp70xik=
github.com/eclipse/paho.mqtt.golang v1.4.3/go.mod h1:CSYvoAlsMkhYOXh/oKyxa8EcBci6dVkLCbo5tTC1RIE=
github.com/gorilla/websocket v1.5.0 h1:PPwGk2jz7EePpoHN/+ClbZu8SPxiqlu12wZP/3sWmnc=
github.com/gorilla/websocket v1.5.0/go.mod h1:YR8l580nyteQvAITg2hZ9XVh4b55+EU/adAjf1fMHhE=
github.com/jcelliott/lumber v0.0.0-20160324203708-dd349441af25 h1:EFT6MH3igZK/dIVqgGbTqWVvkZ7wJ5iGN03SVtvvdd8=
github.com/jcelliott/lumber v0.0.0-20160324203708-dd349441af25/go.mod h1:sWkGw/wsaHtRsT9zGQ/WyJCotGWG/Anow/9hsAcBWRw=
github.com/joho/godotenv v1.5.1 h1:7eLL/+HRGLY0ldzfGMeQkb7vMd0as4CfYvUVzLqw0N0=
github.com/joho/godotenv v1.5.1/go.mod h1:f4LDr5Voq0i2e/R5DDNOoa2zzDfwtkZa6DnEwAbqwq4=
github.com/nanobox-io/golang-scribble v0.0.0-20190309225732-aa3e7c118975 h1:zm/Rb2OsnLWCY88Njoqgo4X6yt/lx3oBNWhepX0AOMU=
github.com/nanobox-io/golang-scribble v0.0.0-20190309225732-aa3e7c118975/go.mod h1:4Mct/lWCFf1jzQTTAaWtOI7sXqmG+wBeiBfT4CxoaJk=
github.com/y-du/go-env-loader v0.5.1 h1:0BHxc4A+jkWrbyO7XbfvR9xb8/W/0OIeLGCsX+4cUzg=
github.com/y-du/go-env-loader v0.5.1/go.mod h1:Acny7eBd/EoKIkG9Tm2ATdP/vhQ47vIYGGIYqBcOILU=
github.com/y-du/go-log-level v0.2.3 h1:dke5ZICp8BVZRg6wKpGHum8l6f5ywXsA8YZkRhy6sGo=
github.com/y-du/go-log-level v0.2.3/go.mod h1:yed1DhHsG8h7QRHp5My+NS3p8jiN/hFQopOs7yIaEmc=
golang.org/x/net v0.15.0 h1:ugBLEUaxABaB5AJqW9enI0ACdci2RUd4eP51NTBvuJ8=
golang.org/x/net v0.15.0/go.mod h1:idbUs1IY1+zTqbi8yxTbhexhEEk5ur9LInksu6HrEpk=
golang.org/x/sync v0.3.0 h1:ftCYgMx6zT/asHUrPw8BLLscYtGznsLAnjq5RH9P66E=
golang.org/x/sync v0.3.0/go.mod h1:FU7BRWz2tNW+3quACPkgCx/L+uEAv1htQ0V83Z9Rj+Y=
